
Microsoft Visual Studio Solution File, Format Version 12.00
# Visual Studio Version 16
VisualStudioVersion = 25.0.1703.3
MinimumVisualStudioVersion = 10.0.40219.1
Project("{FAE04EC0-301F-11D3-BF4B-00C04F79EFBC}") = "Lab01", "Lab01\Lab01.csproj", "{5E226F75-5014-4136-8074-2B4052376F48}"
EndProject
Project("{FAE04EC0-301F-11D3-BF4B-00C04F79EFBC}") = "ICT3101_Calculator.UnitTests", "ICT3101_Calculator.UnitTests\ICT3101_Calculator.UnitTests.csproj", "{3E3289C1-51BF-46E2-B93D-8C3071F88A66}"
EndProject
Project("{FAE04EC0-301F-11D3-BF4B-00C04F79EFBC}") = "SpecFlowCalculatorTests", "SpecFlowCalculatorTests\SpecFlowCalculatorTests.csproj", "{7235A683-4C48-4864-821E-431045C54698}"
EndProject
Global
	GlobalSection(SolutionConfigurationPlatforms) = preSolution
		Debug|Any CPU = Debug|Any CPU
		Release|Any CPU = Release|Any CPU
	EndGlobalSection
	GlobalSection(ProjectConfigurationPlatforms) = postSolution
		{5E226F75-5014-4136-8074-2B4052376F48}.Debug|Any CPU.ActiveCfg = Debug|Any CPU
		{5E226F75-5014-4136-8074-2B4052376F48}.Debug|Any CPU.Build.0 = Debug|Any CPU
		{5E226F75-5014-4136-8074-2B4052376F48}.Release|Any CPU.ActiveCfg = Release|Any CPU
		{5E226F75-5014-4136-8074-2B4052376F48}.Release|Any CPU.Build.0 = Release|Any CPU
		{3E3289C1-51BF-46E2-B93D-8C3071F88A66}.Debug|Any CPU.ActiveCfg = Debug|Any CPU
		{3E3289C1-51BF-46E2-B93D-8C3071F88A66}.Debug|Any CPU.Build.0 = Debug|Any CPU
		{3E3289C1-51BF-46E2-B93D-8C3071F88A66}.Release|Any CPU.ActiveCfg = Release|Any CPU
		{3E3289C1-51BF-46E2-B93D-8C3071F88A66}.Release|Any CPU.Build.0 = Release|Any CPU
		{7235A683-4C48-4864-821E-431045C54698}.Debug|Any CPU.ActiveCfg = Debug|Any CPU
		{7235A683-4C48-4864-821E-431045C54698}.Debug|Any CPU.Build.0 = Debug|Any CPU
		{7235A683-4C48-4864-821E-431045C54698}.Release|Any CPU.ActiveCfg = Release|Any CPU
		{7235A683-4C48-4864-821E-431045C54698}.Release|Any CPU.Build.0 = Release|Any CPU
	EndGlobalSection
	GlobalSection(SolutionProperties) = preSolution
		HideSolutionNode = FALSE
	EndGlobalSection
	GlobalSection(ExtensibilityGlobals) = postSolution
		SolutionGuid = {693FA778-9352-49EA-8DB1-FFBCC5D4C3F2}
	EndGlobalSection
EndGlobal
